<?xml version="1.0" encoding="utf-8"?>
<Project ToolsVersion="4.0" xmlns="http://schemas.microsoft.com/developer/msbuild/2003">
  <ItemGroup>
    <ClCompile Include="dllmain.cpp">
      <Filter>Source Files</Filter>
    </ClCompile>
    <ClCompile Include="ExternalPipe.cpp">
      <Filter>Source Files</Filter>
    </ClCompile>
    <ClCompile Include="FFXIVDLL.cpp">
      <Filter>Source Files</Filter>
    </ClCompile>
    <ClCompile Include="GameDataProcess.cpp">
      <Filter>Source Files</Filter>
    </ClCompile>
    <ClCompile Include="MedianCalculator.cpp">
      <Filter>Source Files</Filter>
    </ClCompile>
    <ClCompile Include="Hooks.cpp">
      <Filter>Source Files</Filter>
    </ClCompile>
    <ClCompile Include="OverlayRenderer.cpp">
      <Filter>Source Files</Filter>
    </ClCompile>
    <ClCompile Include="Tools.cpp">
      <Filter>Source Files</Filter>
    </ClCompile>
    <ClCompile Include="OverlayRenderer_Control.cpp">
      <Filter>Source Files</Filter>
    </ClCompile>
    <ClCompile Include="WindowControllerBase.cpp">
      <Filter>CustomControls</Filter>
    </ClCompile>
    <ClCompile Include="DPSWindowController.cpp">
      <Filter>CustomControls</Filter>
    </ClCompile>
    <ClCompile Include="DOTWindowController.cpp">
      <Filter>CustomControls</Filter>
    </ClCompile>
    <ClCompile Include="imgui\imgui_demo.cpp">
      <Filter>ImGui</Filter>
    </ClCompile>
    <ClCompile Include="imgui\imgui_draw.cpp">
      <Filter>ImGui</Filter>
    </ClCompile>
    <ClCompile Include="imgui\imgui.cpp">
      <Filter>ImGui</Filter>
    </ClCompile>
    <ClCompile Include="imgui\imgui_impl_dx9.cpp">
      <Filter>ImGui</Filter>
    </ClCompile>
    <ClCompile Include="ImGuiConfigWindow.cpp">
      <Filter>Source Files</Filter>
    </ClCompile>
    <ClCompile Include="Languages.cpp">
      <Filter>Source Files</Filter>
    </ClCompile>
  </ItemGroup>
  <ItemGroup>
    <ClInclude Include="zlib.h">
      <Filter>Libraries</Filter>
    </ClInclude>
    <ClInclude Include="zconf.h">
      <Filter>Libraries</Filter>
    </ClInclude>
    <ClInclude Include="dx9hook.h">
      <Filter>Header Files</Filter>
    </ClInclude>
    <ClInclude Include="dx9table.h">
      <Filter>Header Files</Filter>
    </ClInclude>
    <ClInclude Include="ExternalPipe.h">
      <Filter>Header Files</Filter>
    </ClInclude>
    <ClInclude Include="FFXIVDLL.h">
      <Filter>Header Files</Filter>
    </ClInclude>
    <ClInclude Include="GameDataProcess.h">
      <Filter>Header Files</Filter>
    </ClInclude>
    <ClInclude Include="Hooks.h">
      <Filter>Header Files</Filter>
    </ClInclude>
    <ClInclude Include="MedianCalculator.h">
      <Filter>Header Files</Filter>
    </ClInclude>
    <ClInclude Include="OverlayRenderer.h">
      <Filter>Header Files</Filter>
    </ClInclude>
    <ClInclude Include="resource.h">
      <Filter>Header Files</Filter>
    </ClInclude>
    <ClInclude Include="stdafx.h">
      <Filter>Header Files</Filter>
    </ClInclude>
    <ClInclude Include="targetver.h">
      <Filter>Header Files</Filter>
    </ClInclude>
    <ClInclude Include="Tools.h">
      <Filter>Header Files</Filter>
    </ClInclude>
    <ClInclude Include="WindowControllerBase.h">
      <Filter>CustomControls</Filter>
    </ClInclude>
    <ClInclude Include="DPSWindowController.h">
      <Filter>CustomControls</Filter>
    </ClInclude>
    <ClInclude Include="DOTWindowController.h">
      <Filter>CustomControls</Filter>
    </ClInclude>
    <ClInclude Include="imgui\imgui.h">
      <Filter>ImGui</Filter>
    </ClInclude>
    <ClInclude Include="imgui\imgui_internal.h">
      <Filter>ImGui</Filter>
    </ClInclude>
    <ClInclude Include="imgui\stb_rect_pack.h">
      <Filter>ImGui</Filter>
    </ClInclude>
    <ClInclude Include="imgui\stb_textedit.h">
      <Filter>ImGui</Filter>
    </ClInclude>
    <ClInclude Include="imgui\stb_truetype.h">
      <Filter>ImGui</Filter>
    </ClInclude>
    <ClInclude Include="imgui\imconfig.h">
      <Filter>ImGui</Filter>
    </ClInclude>
    <ClInclude Include="imgui\imgui_impl_dx9.h">
      <Filter>ImGui</Filter>
    </ClInclude>
    <ClInclude Include="Languages.h">
      <Filter>Header Files</Filter>
    </ClInclude>
    <ClInclude Include="ImGuiConfigWindow.h">
      <Filter>Header Files</Filter>
    </ClInclude>
  </ItemGroup>
  <ItemGroup>
    <Library Include="zlib.lib">
      <Filter>Libraries</Filter>
    </Library>
  </ItemGroup>
  <ItemGroup>
    <Image Include="img\cul.png">
      <Filter>Resources</Filter>
    </Image>
    <Image Include="img\acn.png">
      <Filter>Resources</Filter>
    </Image>
    <Image Include="img\alc.png">
      <Filter>Resources</Filter>
    </Image>
    <Image Include="img\arc.png">
      <Filter>Resources</Filter>
    </Image>
    <Image Include="img\arm.png">
      <Filter>Resources</Filter>
    </Image>
    <Image Include="img\ast.png">
      <Filter>Resources</Filter>
    </Image>
    <Image Include="img\bishop.png">
      <Filter>Resources</Filter>
    </Image>
    <Image Include="img\blm.png">
      <Filter>Resources</Filter>
    </Image>
    <Image Include="img\brd.png">
      <Filter>Resources</Filter>
    </Image>
    <Image Include="img\bsm.png">
      <Filter>Resources</Filter>
    </Image>
    <Image Include="img\btn.png">
      <Filter>Resources</Filter>
    </Image>
    <Image Include="img\chocobo.png">
      <Filter>Resources</Filter>
    </Image>
    <Image Include="img\cnj.png">
      <Filter>Resources</Filter>
    </Image>
    <Image Include="img\crp.png">
      <Filter>Resources</Filter>
    </Image>
    <Image Include="img\drg.png">
      <Filter>Resources</Filter>
    </Image>
    <Image Include="img\drk.png">
      <Filter>Resources</Filter>
    </Image>
    <Image Include="img\emerald.png">
      <Filter>Resources</Filter>
    </Image>
    <Image Include="img\empty.png">
      <Filter>Resources</Filter>
    </Image>
    <Image Include="img\eos.png">
      <Filter>Resources</Filter>
    </Image>
    <Image Include="img\error.png">
      <Filter>Resources</Filter>
    </Image>
    <Image Include="img\fsh.png">
      <Filter>Resources</Filter>
    </Image>
    <Image Include="img\gsm.png">
      <Filter>Resources</Filter>
    </Image>
    <Image Include="img\gld.png">
      <Filter>Resources</Filter>
    </Image>
    <Image Include="img\garuda.png">
      <Filter>Resources</Filter>
    </Image>
    <Image Include="img\titan.png">
      <Filter>Resources</Filter>
    </Image>
    <Image Include="img\thm.png">
      <Filter>Resources</Filter>
    </Image>
    <Image Include="img\smn.png">
      <Filter>Resources</Filter>
    </Image>
    <Image Include="img\selene.png">
      <Filter>Resources</Filter>
    </Image>
    <Image Include="img\rook.png">
      <Filter>Resources</Filter>
    </Image>
    <Image Include="img\rog.png">
      <Filter>Resources</Filter>
    </Image>
    <Image Include="img\sch.png">
      <Filter>Resources</Filter>
    </Image>
    <Image Include="img\pug.png">
      <Filter>Resources</Filter>
    </Image>
    <Image Include="img\pld.png">
      <Filter>Resources</Filter>
    </Image>
    <Image Include="img\pgl.png">
      <Filter>Resources</Filter>
    </Image>
    <Image Include="img\nin.png">
      <Filter>Resources</Filter>
    </Image>
    <Image Include="img\mrd.png">
      <Filter>Resources</Filter>
    </Image>
    <Image Include="img\mnk.png">
      <Filter>Resources</Filter>
    </Image>
    <Image Include="img\min.png">
      <Filter>Resources</Filter>
    </Image>
    <Image Include="img\mch.png">
      <Filter>Resources</Filter>
    </Image>
    <Image Include="img\ltw.png">
      <Filter>Resources</Filter>
    </Image>
    <Image Include="img\lnc.png">
      <Filter>Resources</Filter>
    </Image>
    <Image Include="img\limit break.png">
      <Filter>Resources</Filter>
    </Image>
    <Image Include="img\ifrit.png">
      <Filter>Resources</Filter>
    </Image>
    <Image Include="img\wvr.png">
      <Filter>Resources</Filter>
    </Image>
    <Image Include="img\whm.png">
      <Filter>Resources</Filter>
    </Image>
    <Image Include="img\war.png">
      <Filter>Resources</Filter>
    </Image>
    <Image Include="img\topaz.png">
      <Filter>Resources</Filter>
    </Image>
  </ItemGroup>
  <ItemGroup>
    <Filter Include="Libraries">
      <UniqueIdentifier>{89b9ad6a-064f-4c0a-b177-61d8ff8430dd}</UniqueIdentifier>
    </Filter>
    <Filter Include="Source Files">
      <UniqueIdentifier>{5f645bcc-fc00-4004-bca6-97c42d2722c6}</UniqueIdentifier>
    </Filter>
    <Filter Include="Header Files">
      <UniqueIdentifier>{73af3980-37fb-4ca9-a8be-32f96aa962f1}</UniqueIdentifier>
    </Filter>
    <Filter Include="Resources">
      <UniqueIdentifier>{11097885-5fef-460a-a588-6d055c930814}</UniqueIdentifier>
    </Filter>
    <Filter Include="CustomControls">
      <UniqueIdentifier>{5dd64c8b-6adb-4448-a412-8bf51098c683}</UniqueIdentifier>
    </Filter>
    <Filter Include="ImGui">
      <UniqueIdentifier>{adfd7856-c5c7-4748-bc9b-a5a919a2dc2c}</UniqueIdentifier>
    </Filter>
  </ItemGroup>
  <ItemGroup>
    <Text Include="ColorDef.txt">
      <Filter>Resources</Filter>
    </Text>
  </ItemGroup>
  <ItemGroup>
    <None Include="rcdata1.bin">
      <Filter>Resources</Filter>
    </None>
  </ItemGroup>
  <ItemGroup>
    <ResourceCompile Include="FFXIVDLL.rc">
      <Filter>Resources</Filter>
    </ResourceCompile>
  </ItemGroup>
</Project>